
Microsoft Visual Studio Solution File, Format Version 12.00
# Visual Studio Version 17
VisualStudioVersion = 17.2.32526.322
MinimumVisualStudioVersion = 10.0.40219.1
Project("{FAE04EC0-301F-11D3-BF4B-00C04F79EFBC}") = "Umbra-Mod-Menu", "Umbra-Mod-Menu\Umbra-Mod-Menu.csproj", "{44462209-A2EB-4474-BE84-D46705F12FED}"
EndProject
Global
	GlobalSection(SolutionConfigurationPlatforms) = preSolution
		Debug|Any CPU = Debug|Any CPU
		Release|Any CPU = Release|Any CPU
	EndGlobalSection
	GlobalSection(ProjectConfigurationPlatforms) = postSolution
		{44462209-A2EB-4474-BE84-D46705F12FED}.Debug|Any CPU.ActiveCfg = Debug|Any CPU
		{44462209-A2EB-4474-BE84-D46705F12FED}.Debug|Any CPU.Build.0 = Debug|Any CPU
		{44462209-A2EB-4474-BE84-D46705F12FED}.Release|Any CPU.ActiveCfg = Release|Any CPU
		{44462209-A2EB-4474-BE84-D46705F12FED}.Release|Any CPU.Build.0 = Release|Any CPU
	EndGlobalSection
	GlobalSection(SolutionProperties) = preSolution
		HideSolutionNode = FALSE
	EndGlobalSection
	GlobalSection(ExtensibilityGlobals) = postSolution
		SolutionGuid = {C0BAD9FB-568F-4BCE-BDBC-46B350E69C2B}
	EndGlobalSection
EndGlobal
